
Microsoft Visual Studio Solution File, Format Version 12.00
# Visual Studio Version 17
VisualStudioVersion = 17.1.32328.378
MinimumVisualStudioVersion = 10.0.40219.1
Project("{9A19103F-16F7-4668-BE54-9A1E7A4F7556}") = "WebhookReceiver", "WebhookReceiver\WebhookReceiver.csproj", "{5F240974-FFF0-4902-B53D-A445D0619037}"
EndProject
Project("{9A19103F-16F7-4668-BE54-9A1E7A4F7556}") = "RoboLlama", "RoboLlama\RoboLlama.csproj", "{3C8F084D-EDAD-435F-B8AB-580608866CF4}"
EndProject
Project("{9A19103F-16F7-4668-BE54-9A1E7A4F7556}") = "RoboLlamaLibrary", "RoboLlamaLibrary\RoboLlamaLibrary.csproj", "{DBD8B067-841C-4CA1-92F1-82243653065E}"
EndProject
Project("{2150E333-8FDC-42A3-9474-1A3956D46DE8}") = "NewPlugins", "NewPlugins", "{8F89743B-043D-49C0-A2C2-1F8F4A7924B0}"
EndProject
Project("{9A19103F-16F7-4668-BE54-9A1E7A4F7556}") = "MastodonRoboLlamaPlugin", "NewPlugins\MastodonRoboLlamaPlugin\MastodonRoboLlamaPlugin.csproj", "{7608001E-DC6E-4492-8623-0F85F271B4D3}"
EndProject
Project("{9A19103F-16F7-4668-BE54-9A1E7A4F7556}") = "TwitterRoboLlamaPlugin", "NewPlugins\TwitterRoboLlamaPlugin\TwitterRoboLlamaPlugin.csproj", "{33DDF30F-439D-4430-A4E6-61702E1F7E68}"
EndProject
Project("{9A19103F-16F7-4668-BE54-9A1E7A4F7556}") = "RoboLlamaRSSReader", "RoboLlamaRSSReader\RoboLlamaRSSReader.csproj", "{19907064-44C1-47AE-8213-5357B1A40ABF}"
EndProject
Project("{9A19103F-16F7-4668-BE54-9A1E7A4F7556}") = "GiantBombRoboLlamaPlugin", "NewPlugins\GiantBombRoboLlamaPlugin\GiantBombRoboLlamaPlugin.csproj", "{0D600812-C67F-4B04-90DD-E7CDBAAF93CA}"
EndProject
Project("{9A19103F-16F7-4668-BE54-9A1E7A4F7556}") = "UrbanDictionaryRoboLlamaPlugin", "NewPlugins\UrbanDictionaryRoboLlamaPlugin\UrbanDictionaryRoboLlamaPlugin.csproj", "{8587CF79-C4BA-43F2-B828-654048D02478}"
EndProject
Project("{9A19103F-16F7-4668-BE54-9A1E7A4F7556}") = "SpotifyRoboLlamaPlugin", "NewPlugins\SpotifyRoboLlamaPlugin\SpotifyRoboLlamaPlugin.csproj", "{7931EA17-40E4-4C61-B375-C86F5F839488}"
EndProject
Project("{9A19103F-16F7-4668-BE54-9A1E7A4F7556}") = "YoutubeRoboLlamaPlugin", "NewPlugins\YoutubRoboLlamaPlugin\YoutubeRoboLlamaPlugin.csproj", "{F16AE4A5-D614-4D58-908A-B9B316BF17B8}"
EndProject
Project("{9A19103F-16F7-4668-BE54-9A1E7A4F7556}") = "OglafRoboLlamaPlugin", "NewPlugins\OglafRoboLlamaPlugin\OglafRoboLlamaPlugin.csproj", "{F15B3981-60E9-44DE-B214-D6046E4B271E}"
EndProject
Project("{9A19103F-16F7-4668-BE54-9A1E7A4F7556}") = "TwitchRoboLlamaPlugin", "NewPlugins\TwitchRoboLlamaPlugin\TwitchRoboLlamaPlugin.csproj", "{3CF39F53-1E46-4008-AA03-228457592DF8}"
EndProject
Project("{2150E333-8FDC-42A3-9474-1A3956D46DE8}") = "Solution Items", "Solution Items", "{E71FA99D-06EB-48F5-8E37-05FC3872F9EC}"
	ProjectSection(SolutionItems) = preProject
		.github\workflows\RoboLlama.yml = .github\workflows\RoboLlama.yml
	EndProjectSection
EndProject
Global
	GlobalSection(SolutionConfigurationPlatforms) = preSolution
		Debug|Any CPU = Debug|Any CPU
		LocalDebug|Any CPU = LocalDebug|Any CPU
		LocalRelease|Any CPU = LocalRelease|Any CPU
		Release|Any CPU = Release|Any CPU
	EndGlobalSection
	GlobalSection(ProjectConfigurationPlatforms) = postSolution
		{5F240974-FFF0-4902-B53D-A445D0619037}.Debug|Any CPU.ActiveCfg = Debug|Any CPU
		{5F240974-FFF0-4902-B53D-A445D0619037}.Debug|Any CPU.Build.0 = Debug|Any CPU
		{5F240974-FFF0-4902-B53D-A445D0619037}.LocalDebug|Any CPU.ActiveCfg = Debug|Any CPU
		{5F240974-FFF0-4902-B53D-A445D0619037}.LocalDebug|Any CPU.Build.0 = Debug|Any CPU
		{5F240974-FFF0-4902-B53D-A445D0619037}.LocalRelease|Any CPU.ActiveCfg = Release|Any CPU
		{5F240974-FFF0-4902-B53D-A445D0619037}.LocalRelease|Any CPU.Build.0 = Release|Any CPU
		{5F240974-FFF0-4902-B53D-A445D0619037}.Release|Any CPU.ActiveCfg = Release|Any CPU
		{5F240974-FFF0-4902-B53D-A445D0619037}.Release|Any CPU.Build.0 = Release|Any CPU
		{3C8F084D-EDAD-435F-B8AB-580608866CF4}.Debug|Any CPU.ActiveCfg = Debug|Any CPU
		{3C8F084D-EDAD-435F-B8AB-580608866CF4}.Debug|Any CPU.Build.0 = Debug|Any CPU
		{3C8F084D-EDAD-435F-B8AB-580608866CF4}.LocalDebug|Any CPU.ActiveCfg = Debug|Any CPU
		{3C8F084D-EDAD-435F-B8AB-580608866CF4}.LocalDebug|Any CPU.Build.0 = Debug|Any CPU
		{3C8F084D-EDAD-435F-B8AB-580608866CF4}.LocalRelease|Any CPU.ActiveCfg = Release|Any CPU
		{3C8F084D-EDAD-435F-B8AB-580608866CF4}.LocalRelease|Any CPU.Build.0 = Release|Any CPU
		{3C8F084D-EDAD-435F-B8AB-580608866CF4}.Release|Any CPU.ActiveCfg = Release|Any CPU
		{3C8F084D-EDAD-435F-B8AB-580608866CF4}.Release|Any CPU.Build.0 = Release|Any CPU
		{DBD8B067-841C-4CA1-92F1-82243653065E}.Debug|Any CPU.ActiveCfg = Debug|Any CPU
		{DBD8B067-841C-4CA1-92F1-82243653065E}.Debug|Any CPU.Build.0 = Debug|Any CPU
		{DBD8B067-841C-4CA1-92F1-82243653065E}.LocalDebug|Any CPU.ActiveCfg = Debug|Any CPU
		{DBD8B067-841C-4CA1-92F1-82243653065E}.LocalDebug|Any CPU.Build.0 = Debug|Any CPU
		{DBD8B067-841C-4CA1-92F1-82243653065E}.LocalRelease|Any CPU.ActiveCfg = Release|Any CPU
		{DBD8B067-841C-4CA1-92F1-82243653065E}.LocalRelease|Any CPU.Build.0 = Release|Any CPU
		{DBD8B067-841C-4CA1-92F1-82243653065E}.Release|Any CPU.ActiveCfg = Release|Any CPU
		{DBD8B067-841C-4CA1-92F1-82243653065E}.Release|Any CPU.Build.0 = Release|Any CPU
		{7608001E-DC6E-4492-8623-0F85F271B4D3}.Debug|Any CPU.ActiveCfg = Debug|Any CPU
		{7608001E-DC6E-4492-8623-0F85F271B4D3}.Debug|Any CPU.Build.0 = Debug|Any CPU
		{7608001E-DC6E-4492-8623-0F85F271B4D3}.LocalDebug|Any CPU.ActiveCfg = Debug|Any CPU
		{7608001E-DC6E-4492-8623-0F85F271B4D3}.LocalDebug|Any CPU.Build.0 = Debug|Any CPU
		{7608001E-DC6E-4492-8623-0F85F271B4D3}.LocalRelease|Any CPU.ActiveCfg = Release|Any CPU
		{7608001E-DC6E-4492-8623-0F85F271B4D3}.LocalRelease|Any CPU.Build.0 = Release|Any CPU
		{7608001E-DC6E-4492-8623-0F85F271B4D3}.Release|Any CPU.ActiveCfg = Release|Any CPU
		{7608001E-DC6E-4492-8623-0F85F271B4D3}.Release|Any CPU.Build.0 = Release|Any CPU
		{33DDF30F-439D-4430-A4E6-61702E1F7E68}.Debug|Any CPU.ActiveCfg = Debug|Any CPU
		{33DDF30F-439D-4430-A4E6-61702E1F7E68}.Debug|Any CPU.Build.0 = Debug|Any CPU
		{33DDF30F-439D-4430-A4E6-61702E1F7E68}.LocalDebug|Any CPU.ActiveCfg = Debug|Any CPU
		{33DDF30F-439D-4430-A4E6-61702E1F7E68}.LocalDebug|Any CPU.Build.0 = Debug|Any CPU
		{33DDF30F-439D-4430-A4E6-61702E1F7E68}.LocalRelease|Any CPU.ActiveCfg = Release|Any CPU
		{33DDF30F-439D-4430-A4E6-61702E1F7E68}.LocalRelease|Any CPU.Build.0 = Release|Any CPU
		{33DDF30F-439D-4430-A4E6-61702E1F7E68}.Release|Any CPU.ActiveCfg = Release|Any CPU
		{33DDF30F-439D-4430-A4E6-61702E1F7E68}.Release|Any CPU.Build.0 = Release|Any CPU
		{19907064-44C1-47AE-8213-5357B1A40ABF}.Debug|Any CPU.ActiveCfg = Debug|Any CPU
		{19907064-44C1-47AE-8213-5357B1A40ABF}.Debug|Any CPU.Build.0 = Debug|Any CPU
		{19907064-44C1-47AE-8213-5357B1A40ABF}.LocalDebug|Any CPU.ActiveCfg = Debug|Any CPU
		{19907064-44C1-47AE-8213-5357B1A40ABF}.LocalDebug|Any CPU.Build.0 = Debug|Any CPU
		{19907064-44C1-47AE-8213-5357B1A40ABF}.LocalRelease|Any CPU.ActiveCfg = Release|Any CPU
		{19907064-44C1-47AE-8213-5357B1A40ABF}.LocalRelease|Any CPU.Build.0 = Release|Any CPU
		{19907064-44C1-47AE-8213-5357B1A40ABF}.Release|Any CPU.ActiveCfg = Release|Any CPU
		{19907064-44C1-47AE-8213-5357B1A40ABF}.Release|Any CPU.Build.0 = Release|Any CPU
		{0D600812-C67F-4B04-90DD-E7CDBAAF93CA}.Debug|Any CPU.ActiveCfg = Debug|Any CPU
		{0D600812-C67F-4B04-90DD-E7CDBAAF93CA}.Debug|Any CPU.Build.0 = Debug|Any CPU
		{0D600812-C67F-4B04-90DD-E7CDBAAF93CA}.LocalDebug|Any CPU.ActiveCfg = Debug|Any CPU
		{0D600812-C67F-4B04-90DD-E7CDBAAF93CA}.LocalDebug|Any CPU.Build.0 = Debug|Any CPU
		{0D600812-C67F-4B04-90DD-E7CDBAAF93CA}.LocalRelease|Any CPU.ActiveCfg = Release|Any CPU
		{0D600812-C67F-4B04-90DD-E7CDBAAF93CA}.LocalRelease|Any CPU.Build.0 = Release|Any CPU
		{0D600812-C67F-4B04-90DD-E7CDBAAF93CA}.Release|Any CPU.ActiveCfg = Release|Any CPU
		{0D600812-C67F-4B04-90DD-E7CDBAAF93CA}.Release|Any CPU.Build.0 = Release|Any CPU
		{8587CF79-C4BA-43F2-B828-654048D02478}.Debug|Any CPU.ActiveCfg = Debug|Any CPU
		{8587CF79-C4BA-43F2-B828-654048D02478}.Debug|Any CPU.Build.0 = Debug|Any CPU
		{8587CF79-C4BA-43F2-B828-654048D02478}.LocalDebug|Any CPU.ActiveCfg = Debug|Any CPU
		{8587CF79-C4BA-43F2-B828-654048D02478}.LocalDebug|Any CPU.Build.0 = Debug|Any CPU
		{8587CF79-C4BA-43F2-B828-654048D02478}.LocalRelease|Any CPU.ActiveCfg = Release|Any CPU
		{8587CF79-C4BA-43F2-B828-654048D02478}.LocalRelease|Any CPU.Build.0 = Release|Any CPU
		{8587CF79-C4BA-43F2-B828-654048D02478}.Release|Any CPU.ActiveCfg = Release|Any CPU
		{8587CF79-C4BA-43F2-B828-654048D02478}.Release|Any CPU.Build.0 = Release|Any CPU
		{7931EA17-40E4-4C61-B375-C86F5F839488}.Debug|Any CPU.ActiveCfg = Debug|Any CPU
		{7931EA17-40E4-4C61-B375-C86F5F839488}.Debug|Any CPU.Build.0 = Debug|Any CPU
		{7931EA17-40E4-4C61-B375-C86F5F839488}.LocalDebug|Any CPU.ActiveCfg = Debug|Any CPU
		{7931EA17-40E4-4C61-B375-C86F5F839488}.LocalDebug|Any CPU.Build.0 = Debug|Any CPU
		{7931EA17-40E4-4C61-B375-C86F5F839488}.LocalRelease|Any CPU.ActiveCfg = Release|Any CPU
		{7931EA17-40E4-4C61-B375-C86F5F839488}.LocalRelease|Any CPU.Build.0 = Release|Any CPU
		{7931EA17-40E4-4C61-B375-C86F5F839488}.Release|Any CPU.ActiveCfg = Release|Any CPU
		{7931EA17-40E4-4C61-B375-C86F5F839488}.Release|Any CPU.Build.0 = Release|Any CPU
		{F16AE4A5-D614-4D58-908A-B9B316BF17B8}.Debug|Any CPU.ActiveCfg = Debug|Any CPU
		{F16AE4A5-D614-4D58-908A-B9B316BF17B8}.Debug|Any CPU.Build.0 = Debug|Any CPU
		{F16AE4A5-D614-4D58-908A-B9B316BF17B8}.LocalDebug|Any CPU.ActiveCfg = Debug|Any CPU
		{F16AE4A5-D614-4D58-908A-B9B316BF17B8}.LocalDebug|Any CPU.Build.0 = Debug|Any CPU
		{F16AE4A5-D614-4D58-908A-B9B316BF17B8}.LocalRelease|Any CPU.ActiveCfg = Release|Any CPU
		{F16AE4A5-D614-4D58-908A-B9B316BF17B8}.LocalRelease|Any CPU.Build.0 = Release|Any CPU
		{F16AE4A5-D614-4D58-908A-B9B316BF17B8}.Release|Any CPU.ActiveCfg = Release|Any CPU
		{F16AE4A5-D614-4D58-908A-B9B316BF17B8}.Release|Any CPU.Build.0 = Release|Any CPU
		{F15B3981-60E9-44DE-B214-D6046E4B271E}.Debug|Any CPU.ActiveCfg = Debug|Any CPU
		{F15B3981-60E9-44DE-B214-D6046E4B271E}.Debug|Any CPU.Build.0 = Debug|Any CPU
		{F15B3981-60E9-44DE-B214-D6046E4B271E}.LocalDebug|Any CPU.ActiveCfg = Debug|Any CPU
		{F15B3981-60E9-44DE-B214-D6046E4B271E}.LocalDebug|Any CPU.Build.0 = Debug|Any CPU
		{F15B3981-60E9-44DE-B214-D6046E4B271E}.LocalRelease|Any CPU.ActiveCfg = Release|Any CPU
		{F15B3981-60E9-44DE-B214-D6046E4B271E}.LocalRelease|Any CPU.Build.0 = Release|Any CPU
		{F15B3981-60E9-44DE-B214-D6046E4B271E}.Release|Any CPU.ActiveCfg = Release|Any CPU
		{F15B3981-60E9-44DE-B214-D6046E4B271E}.Release|Any CPU.Build.0 = Release|Any CPU
		{3CF39F53-1E46-4008-AA03-228457592DF8}.Debug|Any CPU.ActiveCfg = Debug|Any CPU
		{3CF39F53-1E46-4008-AA03-228457592DF8}.Debug|Any CPU.Build.0 = Debug|Any CPU
		{3CF39F53-1E46-4008-AA03-228457592DF8}.LocalDebug|Any CPU.ActiveCfg = Debug|Any CPU
		{3CF39F53-1E46-4008-AA03-228457592DF8}.LocalDebug|Any CPU.Build.0 = Debug|Any CPU
		{3CF39F53-1E46-4008-AA03-228457592DF8}.LocalRelease|Any CPU.ActiveCfg = Release|Any CPU
		{3CF39F53-1E46-4008-AA03-228457592DF8}.LocalRelease|Any CPU.Build.0 = Release|Any CPU
		{3CF39F53-1E46-4008-AA03-228457592DF8}.Release|Any CPU.ActiveCfg = Release|Any CPU
		{3CF39F53-1E46-4008-AA03-228457592DF8}.Release|Any CPU.Build.0 = Release|Any CPU
	EndGlobalSection
	GlobalSection(SolutionProperties) = preSolution
		HideSolutionNode = FALSE
	EndGlobalSection
	GlobalSection(NestedProjects) = preSolution
		{7608001E-DC6E-4492-8623-0F85F271B4D3} = {8F89743B-043D-49C0-A2C2-1F8F4A7924B0}
		{33DDF30F-439D-4430-A4E6-61702E1F7E68} = {8F89743B-043D-49C0-A2C2-1F8F4A7924B0}
		{0D600812-C67F-4B04-90DD-E7CDBAAF93CA} = {8F89743B-043D-49C0-A2C2-1F8F4A7924B0}
		{8587CF79-C4BA-43F2-B828-654048D02478} = {8F89743B-043D-49C0-A2C2-1F8F4A7924B0}
		{7931EA17-40E4-4C61-B375-C86F5F839488} = {8F89743B-043D-49C0-A2C2-1F8F4A7924B0}
		{F16AE4A5-D614-4D58-908A-B9B316BF17B8} = {8F89743B-043D-49C0-A2C2-1F8F4A7924B0}
		{F15B3981-60E9-44DE-B214-D6046E4B271E} = {8F89743B-043D-49C0-A2C2-1F8F4A7924B0}
		{3CF39F53-1E46-4008-AA03-228457592DF8} = {8F89743B-043D-49C0-A2C2-1F8F4A7924B0}
	EndGlobalSection
	GlobalSection(ExtensibilityGlobals) = postSolution
		SolutionGuid = {A3D4CDD4-D32F-45B5-949A-5EF3E47C7C23}
	EndGlobalSection
EndGlobal
